
Microsoft Visual Studio Solution File, Format Version 12.00
# Visual Studio Version 16
VisualStudioVersion = 16.0.30128.74
MinimumVisualStudioVersion = 10.0.40219.1
Project("{9A19103F-16F7-4668-BE54-9A1E7A4F7556}") = "Spain", "Spain\Spain.csproj", "{0C24F639-1177-4A02-B4D3-30529C617E31}"
EndProject
Project("{9A19103F-16F7-4668-BE54-9A1E7A4F7556}") = "DataAccess", "SpainData\DataAccess.csproj", "{302A5539-07A5-4673-946E-925A52DD6EE4}"
EndProject
Project("{9A19103F-16F7-4668-BE54-9A1E7A4F7556}") = "Domain", "Domain\Domain.csproj", "{D72500CA-36C5-4648-9DF8-9AE38552380F}"
EndProject
Project("{9A19103F-16F7-4668-BE54-9A1E7A4F7556}") = "Application", "Application\Application.csproj", "{462E39B8-3291-4B6E-A26B-513F549ACCE2}"
EndProject
Project("{FAE04EC0-301F-11D3-BF4B-00C04F79EFBC}") = "Implementation", "ImplementationSpain\Implementation.csproj", "{9637D08E-12AF-4132-9734-2F8138490D94}"
EndProject
Global
	GlobalSection(SolutionConfigurationPlatforms) = preSolution
		Debug|Any CPU = Debug|Any CPU
		Release|Any CPU = Release|Any CPU
	EndGlobalSection
	GlobalSection(ProjectConfigurationPlatforms) = postSolution
		{0C24F639-1177-4A02-B4D3-30529C617E31}.Debug|Any CPU.ActiveCfg = Debug|Any CPU
		{0C24F639-1177-4A02-B4D3-30529C617E31}.Debug|Any CPU.Build.0 = Debug|Any CPU
		{0C24F639-1177-4A02-B4D3-30529C617E31}.Release|Any CPU.ActiveCfg = Release|Any CPU
		{0C24F639-1177-4A02-B4D3-30529C617E31}.Release|Any CPU.Build.0 = Release|Any CPU
		{302A5539-07A5-4673-946E-925A52DD6EE4}.Debug|Any CPU.ActiveCfg = Debug|Any CPU
		{302A5539-07A5-4673-946E-925A52DD6EE4}.Debug|Any CPU.Build.0 = Debug|Any CPU
		{302A5539-07A5-4673-946E-925A52DD6EE4}.Release|Any CPU.ActiveCfg = Release|Any CPU
		{302A5539-07A5-4673-946E-925A52DD6EE4}.Release|Any CPU.Build.0 = Release|Any CPU
		{D72500CA-36C5-4648-9DF8-9AE38552380F}.Debug|Any CPU.ActiveCfg = Debug|Any CPU
		{D72500CA-36C5-4648-9DF8-9AE38552380F}.Debug|Any CPU.Build.0 = Debug|Any CPU
		{D72500CA-36C5-4648-9DF8-9AE38552380F}.Release|Any CPU.ActiveCfg = Release|Any CPU
		{D72500CA-36C5-4648-9DF8-9AE38552380F}.Release|Any CPU.Build.0 = Release|Any CPU
		{462E39B8-3291-4B6E-A26B-513F549ACCE2}.Debug|Any CPU.ActiveCfg = Debug|Any CPU
		{462E39B8-3291-4B6E-A26B-513F549ACCE2}.Debug|Any CPU.Build.0 = Debug|Any CPU
		{462E39B8-3291-4B6E-A26B-513F549ACCE2}.Release|Any CPU.ActiveCfg = Release|Any CPU
		{462E39B8-3291-4B6E-A26B-513F549ACCE2}.Release|Any CPU.Build.0 = Release|Any CPU
		{9637D08E-12AF-4132-9734-2F8138490D94}.Debug|Any CPU.ActiveCfg = Debug|Any CPU
		{9637D08E-12AF-4132-9734-2F8138490D94}.Debug|Any CPU.Build.0 = Debug|Any CPU
		{9637D08E-12AF-4132-9734-2F8138490D94}.Release|Any CPU.ActiveCfg = Release|Any CPU
		{9637D08E-12AF-4132-9734-2F8138490D94}.Release|Any CPU.Build.0 = Release|Any CPU
	EndGlobalSection
	GlobalSection(SolutionProperties) = preSolution
		HideSolutionNode = FALSE
	EndGlobalSection
	GlobalSection(ExtensibilityGlobals) = postSolution
		SolutionGuid = {B220F2BD-987D-4658-B2FD-685130D50265}
	EndGlobalSection
EndGlobal
